
Microsoft Visual Studio Solution File, Format Version 12.00
# Visual Studio Version 17
VisualStudioVersion = 17.9.34728.123
MinimumVisualStudioVersion = 10.0.40219.1
Project("{FAE04EC0-301F-11D3-BF4B-00C04F79EFBC}") = "BlazorQuickGridEF", "BlazorQuickGridEF\BlazorQuickGridEF\BlazorQuickGridEF.csproj", "{48745FD7-E5C7-4775-8539-D6948F6EC42C}"
EndProject
Project("{FAE04EC0-301F-11D3-BF4B-00C04F79EFBC}") = "BlazorQuickGridEF.Client", "BlazorQuickGridEF\BlazorQuickGridEF.Client\BlazorQuickGridEF.Client.csproj", "{E9B880B2-4C28-4F96-948D-6AEB714F5EDD}"
EndProject
Global
	GlobalSection(SolutionConfigurationPlatforms) = preSolution
		Debug|Any CPU = Debug|Any CPU
		Release|Any CPU = Release|Any CPU
	EndGlobalSection
	GlobalSection(ProjectConfigurationPlatforms) = postSolution
		{48745FD7-E5C7-4775-8539-D6948F6EC42C}.Debug|Any CPU.ActiveCfg = Debug|Any CPU
		{48745FD7-E5C7-4775-8539-D6948F6EC42C}.Debug|Any CPU.Build.0 = Debug|Any CPU
		{48745FD7-E5C7-4775-8539-D6948F6EC42C}.Release|Any CPU.ActiveCfg = Release|Any CPU
		{48745FD7-E5C7-4775-8539-D6948F6EC42C}.Release|Any CPU.Build.0 = Release|Any CPU
		{E9B880B2-4C28-4F96-948D-6AEB714F5EDD}.Debug|Any CPU.ActiveCfg = Debug|Any CPU
		{E9B880B2-4C28-4F96-948D-6AEB714F5EDD}.Debug|Any CPU.Build.0 = Debug|Any CPU
		{E9B880B2-4C28-4F96-948D-6AEB714F5EDD}.Release|Any CPU.ActiveCfg = Release|Any CPU
		{E9B880B2-4C28-4F96-948D-6AEB714F5EDD}.Release|Any CPU.Build.0 = Release|Any CPU
	EndGlobalSection
	GlobalSection(SolutionProperties) = preSolution
		HideSolutionNode = FALSE
	EndGlobalSection
	GlobalSection(ExtensibilityGlobals) = postSolution
		SolutionGuid = {B340170F-B519-4AB0-926C-C97DCF7A72E7}
	EndGlobalSection
EndGlobal
